
Microsoft Visual Studio Solution File, Format Version 12.00
# Visual Studio Version 17
VisualStudioVersion = 17.13.35919.96 d17.13
MinimumVisualStudioVersion = 10.0.40219.1
Project("{FAE04EC0-301F-11D3-BF4B-00C04F79EFBC}") = "MonoServerManager", "MonoServerManager\MonoServerManager.csproj", "{586213D0-1963-4CED-9FC0-59D8C8424DC1}"
EndProject
Global
	GlobalSection(SolutionConfigurationPlatforms) = preSolution
		Debug|Any CPU = Debug|Any CPU
		Release|Any CPU = Release|Any CPU
	EndGlobalSection
	GlobalSection(ProjectConfigurationPlatforms) = postSolution
		{586213D0-1963-4CED-9FC0-59D8C8424DC1}.Debug|Any CPU.ActiveCfg = Debug|Any CPU
		{586213D0-1963-4CED-9FC0-59D8C8424DC1}.Debug|Any CPU.Build.0 = Debug|Any CPU
		{586213D0-1963-4CED-9FC0-59D8C8424DC1}.Release|Any CPU.ActiveCfg = Release|Any CPU
		{586213D0-1963-4CED-9FC0-59D8C8424DC1}.Release|Any CPU.Build.0 = Release|Any CPU
	EndGlobalSection
	GlobalSection(SolutionProperties) = preSolution
		HideSolutionNode = FALSE
	EndGlobalSection
	GlobalSection(ExtensibilityGlobals) = postSolution
		SolutionGuid = {D930964C-7BF3-45C4-8183-A90CF5261ABF}
	EndGlobalSection
EndGlobal
